{
    "version": 3,
    "terraform_version": "0.11.5",
    "serial": 32,
    "lineage": "6941f96e-7cec-489f-a59e-e7d6563615ed",
    "modules": [
        {
            "path": [
                "root"
            ],
            "outputs": {},
            "resources": {
                "aws_api_gateway_deployment.dev_deployment": {
                    "type": "aws_api_gateway_deployment",
                    "depends_on": [
                        "aws_api_gateway_integration.PostReaderIntegration",
                        "aws_api_gateway_rest_api.PostReaderAPI"
                    ],
                    "primary": {
                        "id": "xmvn7h",
                        "attributes": {
                            "created_date": "2018-04-18T07:06:26Z",
                            "description": "",
                            "execution_arn": "arn:aws:execute-api:us-east-1:040496068313:w0noax5kp4/dev",
                            "id": "xmvn7h",
                            "invoke_url": "https://w0noax5kp4.execute-api.us-east-1.amazonaws.com/dev",
                            "rest_api_id": "w0noax5kp4",
                            "stage_name": "dev"
                        },
                        "meta": {},
                        "tainted": false
                    },
                    "deposed": [],
                    "provider": "provider.aws"
                },
                "aws_api_gateway_integration.NewPostReaderIntegration": {
                    "type": "aws_api_gateway_integration",
                    "depends_on": [
                        "aws_api_gateway_method.NewPostReaderMethod",
                        "aws_api_gateway_resource.PostReaderResource",
                        "aws_api_gateway_rest_api.PostReaderAPI",
                        "aws_lambda_function.PostReader_NewPostsFunction"
                    ],
                    "primary": {
                        "id": "agi-w0noax5kp4-9g3pal-POST",
                        "attributes": {
                            "cache_key_parameters.#": "0",
                            "cache_namespace": "9g3pal",
                            "content_handling": "",
                            "http_method": "POST",
                            "id": "agi-w0noax5kp4-9g3pal-POST",
                            "integration_http_method": "POST",
                            "passthrough_behavior": "WHEN_NO_MATCH",
                            "request_parameters.%": "0",
                            "request_templates.%": "0",
                            "resource_id": "9g3pal",
                            "rest_api_id": "w0noax5kp4",
                            "type": "AWS",
                            "uri": "arn:aws:apigateway:us-east-1:lambda:path/2015-03-31/functions/arn:aws:lambda:us-east-1:040496068313:function:PostReader_NewPosts/invocations"
                        },
                        "meta": {},
                        "tainted": false
                    },
                    "deposed": [],
                    "provider": "provider.aws"
                },
                "aws_api_gateway_integration.PostReaderIntegration": {
                    "type": "aws_api_gateway_integration",
                    "depends_on": [
                        "aws_api_gateway_method.PostReaderGETMethod",
                        "aws_api_gateway_resource.PostReaderResource",
                        "aws_api_gateway_rest_api.PostReaderAPI",
                        "aws_lambda_function.PostReader_GetPostsFunction"
                    ],
                    "primary": {
                        "id": "agi-w0noax5kp4-9g3pal-GET",
                        "attributes": {
                            "cache_key_parameters.#": "0",
                            "cache_namespace": "9g3pal",
                            "content_handling": "",
                            "http_method": "GET",
                            "id": "agi-w0noax5kp4-9g3pal-GET",
                            "integration_http_method": "POST",
                            "passthrough_behavior": "WHEN_NO_MATCH",
                            "request_parameters.%": "0",
                            "request_templates.%": "0",
                            "resource_id": "9g3pal",
                            "rest_api_id": "w0noax5kp4",
                            "type": "AWS",
                            "uri": "arn:aws:apigateway:us-east-1:lambda:path/2015-03-31/functions/arn:aws:lambda:us-east-1:040496068313:function:PostReader_GetPosts/invocations"
                        },
                        "meta": {},
                        "tainted": false
                    },
                    "deposed": [],
                    "provider": "provider.aws"
                },
                "aws_api_gateway_method.NewPostReaderMethod": {
                    "type": "aws_api_gateway_method",
                    "depends_on": [
                        "aws_api_gateway_resource.PostReaderResource",
                        "aws_api_gateway_rest_api.PostReaderAPI"
                    ],
                    "primary": {
                        "id": "agm-w0noax5kp4-9g3pal-POST",
                        "attributes": {
                            "api_key_required": "false",
                            "authorization": "NONE",
                            "authorizer_id": "",
                            "http_method": "POST",
                            "id": "agm-w0noax5kp4-9g3pal-POST",
                            "request_models.%": "0",
                            "request_parameters.%": "0",
                            "request_validator_id": "",
                            "resource_id": "9g3pal",
                            "rest_api_id": "w0noax5kp4"
                        },
                        "meta": {},
                        "tainted": false
                    },
                    "deposed": [],
                    "provider": "provider.aws"
                },
                "aws_api_gateway_method.PostReaderGETMethod": {
                    "type": "aws_api_gateway_method",
                    "depends_on": [
                        "aws_api_gateway_resource.PostReaderResource",
                        "aws_api_gateway_rest_api.PostReaderAPI"
                    ],
                    "primary": {
                        "id": "agm-w0noax5kp4-9g3pal-GET",
                        "attributes": {
                            "api_key_required": "false",
                            "authorization": "NONE",
                            "authorizer_id": "",
                            "http_method": "GET",
                            "id": "agm-w0noax5kp4-9g3pal-GET",
                            "request_models.%": "0",
                            "request_parameters.%": "3",
                            "request_parameters.method.request.querystring.postId": "false",
                            "request_parameters.method.request.querystring.time": "false",
                            "request_parameters.method.request.querystring.user": "false",
                            "request_validator_id": "",
                            "resource_id": "9g3pal",
                            "rest_api_id": "w0noax5kp4"
                        },
                        "meta": {},
                        "tainted": false
                    },
                    "deposed": [],
                    "provider": "provider.aws"
                },
                "aws_api_gateway_resource.PostReaderResource": {
                    "type": "aws_api_gateway_resource",
                    "depends_on": [
                        "aws_api_gateway_rest_api.PostReaderAPI"
                    ],
                    "primary": {
                        "id": "9g3pal",
                        "attributes": {
                            "id": "9g3pal",
                            "parent_id": "ujh90ab9u4",
                            "path": "/mypostreaderresource",
                            "path_part": "mypostreaderresource",
                            "rest_api_id": "w0noax5kp4"
                        },
                        "meta": {},
                        "tainted": false
                    },
                    "deposed": [],
                    "provider": "provider.aws"
                },
                "aws_api_gateway_rest_api.PostReaderAPI": {
                    "type": "aws_api_gateway_rest_api",
                    "depends_on": [],
                    "primary": {
                        "id": "w0noax5kp4",
                        "attributes": {
                            "binary_media_types.#": "0",
                            "created_date": "2018-03-25T21:04:22Z",
                            "description": "It is the API used for Dairy Project",
                            "id": "w0noax5kp4",
                            "minimum_compression_size": "-1",
                            "name": "PostReaderAPI",
                            "root_resource_id": "ujh90ab9u4"
                        },
                        "meta": {},
                        "tainted": false
                    },
                    "deposed": [],
                    "provider": "provider.aws"
                },
                "aws_dynamodb_table.post-dynamodb-table": {
                    "type": "aws_dynamodb_table",
                    "depends_on": [],
                    "primary": {
                        "id": "Posts",
                        "attributes": {
                            "arn": "arn:aws:dynamodb:us-east-1:040496068313:table/Posts",
                            "attribute.#": "3",
                            "attribute.2432995967.name": "time",
                            "attribute.2432995967.type": "S",
                            "attribute.2555435290.name": "user",
                            "attribute.2555435290.type": "S",
                            "attribute.4228504427.name": "id",
                            "attribute.4228504427.type": "S",
                            "global_secondary_index.#": "1",
                            "global_secondary_index.2252049047.hash_key": "user",
                            "global_secondary_index.2252049047.name": "user-time-index",
                            "global_secondary_index.2252049047.non_key_attributes.#": "0",
                            "global_secondary_index.2252049047.projection_type": "ALL",
                            "global_secondary_index.2252049047.range_key": "time",
                            "global_secondary_index.2252049047.read_capacity": "5",
                            "global_secondary_index.2252049047.write_capacity": "5",
                            "hash_key": "id",
                            "id": "Posts",
                            "local_secondary_index.#": "0",
                            "name": "Posts",
                            "read_capacity": "20",
                            "server_side_encryption.#": "0",
                            "stream_arn": "",
                            "stream_enabled": "false",
                            "stream_label": "",
                            "stream_view_type": "",
                            "tags.%": "2",
                            "tags.Environment": "dev",
                            "tags.Name": "dynamodb-table-posts",
                            "ttl.#": "0",
                            "write_capacity": "20"
                        },
                        "meta": {
                            "e2bfb730-ecaa-11e6-8f88-34363bc7c4c0": {
                                "create": 600000000000,
                                "delete": 600000000000,
                                "update": 600000000000
                            },
                            "schema_version": "1"
                        },
                        "tainted": false
                    },
                    "deposed": [],
                    "provider": "provider.aws"
                },
                "aws_iam_role.lambdarole": {
                    "type": "aws_iam_role",
                    "depends_on": [],
                    "primary": {
                        "id": "myrole",
                        "attributes": {
                            "arn": "arn:aws:iam::040496068313:role/myrole",
                            "assume_role_policy": "{\"Version\":\"2012-10-17\",\"Statement\":[{\"Sid\":\"\",\"Effect\":\"Allow\",\"Principal\":{\"Service\":[\"lambda.amazonaws.com\",\"dynamodb.amazonaws.com\"]},\"Action\":\"sts:AssumeRole\"}]}",
                            "create_date": "2018-03-25T21:04:22Z",
                            "force_detach_policies": "false",
                            "id": "myrole",
                            "name": "myrole",
                            "path": "/",
                            "unique_id": "AROAJFVZIBOPILEDG5XJQ"
                        },
                        "meta": {},
                        "tainted": false
                    },
                    "deposed": [],
                    "provider": "provider.aws"
                },
                "aws_iam_user_policy.api-user_policy": {
                    "type": "aws_iam_user_policy",
                    "depends_on": [],
                    "primary": {
                        "id": "api-user:api-user-policy",
                        "attributes": {
                            "id": "api-user:api-user-policy",
                            "name": "api-user-policy",
                            "policy": "{\n  \"Version\": \"2012-10-17\",\n  \"Statement\": [\n    {\n      \"Effect\": \"Allow\",\n      \"Action\": \"s3:*\",\n      \"Resource\": [\n        \"arn:aws:s3:::aa-diary-website-2\",\n        \"arn:aws:s3:::aa-diary-website-2/*\",\n        \"arn:aws:s3:::aa-diary-mp3s-2\",\n        \"arn:aws:s3:::aa-diary-mp3s-2/*\"\n      ]\n    }\n  ]\n}\n",
                            "user": "api-user"
                        },
                        "meta": {},
                        "tainted": false
                    },
                    "deposed": [],
                    "provider": "provider.aws"
                },
                "aws_lambda_function.PostReader_GetPostsFunction": {
                    "type": "aws_lambda_function",
                    "depends_on": [
                        "aws_iam_role.lambdarole",
                        "data.archive_file.lambda_zip"
                    ],
                    "primary": {
                        "id": "PostReader_GetPosts",
                        "attributes": {
                            "arn": "arn:aws:lambda:us-east-1:040496068313:function:PostReader_GetPosts",
                            "dead_letter_config.#": "0",
                            "description": "",
                            "environment.#": "1",
                            "environment.0.variables.%": "1",
                            "environment.0.variables.DB_TABLE_NAME": "Posts",
                            "filename": "PostReader_GetPosts.zip",
                            "function_name": "PostReader_GetPosts",
                            "handler": "lambda.lambda_handler",
                            "id": "PostReader_GetPosts",
                            "invoke_arn": "arn:aws:apigateway:us-east-1:lambda:path/2015-03-31/functions/arn:aws:lambda:us-east-1:040496068313:function:PostReader_GetPosts/invocations",
                            "kms_key_arn": "",
                            "last_modified": "2018-04-19T02:27:24.876+0000",
                            "memory_size": "128",
                            "publish": "false",
                            "qualified_arn": "arn:aws:lambda:us-east-1:040496068313:function:PostReader_GetPosts:$LATEST",
                            "reserved_concurrent_executions": "0",
                            "role": "arn:aws:iam::040496068313:role/myrole",
                            "runtime": "python2.7",
                            "source_code_hash": "wwMGI7JFHiiwDfUaRWoJlSOxKLWx5IZ4+T2VduMlckw=",
                            "tags.%": "0",
                            "timeout": "3",
                            "tracing_config.#": "1",
                            "tracing_config.0.mode": "PassThrough",
                            "version": "$LATEST",
                            "vpc_config.#": "0"
                        },
                        "meta": {},
                        "tainted": false
                    },
                    "deposed": [],
                    "provider": "provider.aws"
                },
                "aws_lambda_function.PostReader_NewPostsFunction": {
                    "type": "aws_lambda_function",
                    "depends_on": [
                        "aws_iam_role.lambdarole",
                        "aws_sns_topic.new_posts",
                        "data.archive_file.newposts_lambda_zip"
                    ],
                    "primary": {
                        "id": "PostReader_NewPosts",
                        "attributes": {
                            "arn": "arn:aws:lambda:us-east-1:040496068313:function:PostReader_NewPosts",
                            "dead_letter_config.#": "0",
                            "description": "",
                            "environment.#": "1",
                            "environment.0.variables.%": "2",
                            "environment.0.variables.DB_TABLE_NAME": "Posts",
                            "environment.0.variables.SNS_TOPIC": "new-posts",
                            "filename": "PostReader_NewPosts.zip",
                            "function_name": "PostReader_NewPosts",
                            "handler": "lambda.lambda_handler",
                            "id": "PostReader_NewPosts",
                            "invoke_arn": "arn:aws:apigateway:us-east-1:lambda:path/2015-03-31/functions/arn:aws:lambda:us-east-1:040496068313:function:PostReader_NewPosts/invocations",
                            "kms_key_arn": "",
                            "last_modified": "2018-04-18T08:23:27.038+0000",
                            "memory_size": "128",
                            "publish": "false",
                            "qualified_arn": "arn:aws:lambda:us-east-1:040496068313:function:PostReader_NewPosts:$LATEST",
                            "reserved_concurrent_executions": "0",
                            "role": "arn:aws:iam::040496068313:role/myrole",
                            "runtime": "python2.7",
                            "source_code_hash": "sQjCI8ZKEM5MgefVxt10P4X+RAofqe91riYxrwksVwM=",
                            "tags.%": "0",
                            "timeout": "3",
                            "tracing_config.#": "1",
                            "tracing_config.0.mode": "PassThrough",
                            "version": "$LATEST",
                            "vpc_config.#": "0"
                        },
                        "meta": {},
                        "tainted": false
                    },
                    "deposed": [],
                    "provider": "provider.aws"
                },
                "aws_lambda_permission.apigw_persmission": {
                    "type": "aws_lambda_permission",
                    "depends_on": [
                        "aws_api_gateway_method.PostReaderGETMethod",
                        "aws_api_gateway_resource.PostReaderResource",
                        "aws_api_gateway_rest_api.PostReaderAPI",
                        "aws_lambda_function.PostReader_GetPostsFunction"
                    ],
                    "primary": {
                        "id": "AllowExecutionFromAPIGateway",
                        "attributes": {
                            "action": "lambda:InvokeFunction",
                            "function_name": "arn:aws:lambda:us-east-1:040496068313:function:PostReader_GetPosts",
                            "id": "AllowExecutionFromAPIGateway",
                            "principal": "apigateway.amazonaws.com",
                            "qualifier": "",
                            "source_arn": "arn:aws:execute-api:us-east-1:040496068313:w0noax5kp4/*/GET/mypostreaderresource",
                            "statement_id": "AllowExecutionFromAPIGateway"
                        },
                        "meta": {},
                        "tainted": false
                    },
                    "deposed": [],
                    "provider": "provider.aws"
                },
                "aws_lambda_permission.apigw_persmission_newposts": {
                    "type": "aws_lambda_permission",
                    "depends_on": [
                        "aws_api_gateway_method.PostReaderGETMethod",
                        "aws_api_gateway_resource.PostReaderResource",
                        "aws_api_gateway_rest_api.PostReaderAPI",
                        "aws_lambda_function.PostReader_NewPostsFunction"
                    ],
                    "primary": {
                        "id": "AllowExecutionFromAPIGateway",
                        "attributes": {
                            "action": "lambda:InvokeFunction",
                            "function_name": "arn:aws:lambda:us-east-1:040496068313:function:PostReader_NewPosts",
                            "id": "AllowExecutionFromAPIGateway",
                            "principal": "apigateway.amazonaws.com",
                            "qualifier": "",
                            "source_arn": "arn:aws:execute-api:us-east-1:040496068313:w0noax5kp4/*/GET/mypostreaderresource",
                            "statement_id": "AllowExecutionFromAPIGateway"
                        },
                        "meta": {},
                        "tainted": false
                    },
                    "deposed": [],
                    "provider": "provider.aws"
                },
                "aws_s3_bucket.aa-diary-mp3s": {
                    "type": "aws_s3_bucket",
                    "depends_on": [],
                    "primary": {
                        "id": "aa-diary-mp3s-2",
                        "attributes": {
                            "acceleration_status": "",
                            "acl": "private",
                            "arn": "arn:aws:s3:::aa-diary-mp3s-2",
                            "bucket": "aa-diary-mp3s-2",
                            "bucket_domain_name": "aa-diary-mp3s-2.s3.amazonaws.com",
                            "force_destroy": "false",
                            "hosted_zone_id": "Z3AQBSTGFYJSTF",
                            "id": "aa-diary-mp3s-2",
                            "logging.#": "0",
                            "region": "us-east-1",
                            "replication_configuration.#": "0",
                            "request_payer": "BucketOwner",
                            "server_side_encryption_configuration.#": "0",
                            "tags.%": "0",
                            "versioning.#": "1",
                            "versioning.0.enabled": "false",
                            "versioning.0.mfa_delete": "false",
                            "website.#": "0"
                        },
                        "meta": {},
                        "tainted": false
                    },
                    "deposed": [],
                    "provider": "provider.aws"
                },
                "aws_s3_bucket.aa-diary-website": {
                    "type": "aws_s3_bucket",
                    "depends_on": [],
                    "primary": {
                        "id": "aa-diary-website-2",
                        "attributes": {
                            "acceleration_status": "",
                            "acl": "public-read",
                            "arn": "arn:aws:s3:::aa-diary-website-2",
                            "bucket": "aa-diary-website-2",
                            "bucket_domain_name": "aa-diary-website-2.s3.amazonaws.com",
                            "force_destroy": "false",
                            "hosted_zone_id": "Z3AQBSTGFYJSTF",
                            "id": "aa-diary-website-2",
                            "logging.#": "0",
                            "region": "us-east-1",
                            "replication_configuration.#": "0",
                            "request_payer": "BucketOwner",
                            "server_side_encryption_configuration.#": "0",
                            "tags.%": "0",
                            "versioning.#": "1",
                            "versioning.0.enabled": "false",
                            "versioning.0.mfa_delete": "false",
                            "website.#": "0"
                        },
                        "meta": {},
                        "tainted": false
                    },
                    "deposed": [],
                    "provider": "provider.aws"
                },
                "aws_s3_bucket_object.website-index": {
                    "type": "aws_s3_bucket_object",
                    "depends_on": [],
                    "primary": {
                        "id": "index.html",
                        "attributes": {
                            "acl": "public-read",
                            "bucket": "aa-diary-website-2",
                            "cache_control": "",
                            "content_disposition": "",
                            "content_encoding": "",
                            "content_language": "",
                            "content_type": "text/html",
                            "etag": "dc6a042bde1815810c6d857a8ae0fb65",
                            "id": "index.html",
                            "key": "index.html",
                            "server_side_encryption": "",
                            "source": "/Users/ptata/AdvancedAliens/aa-diary-website/index.html",
                            "storage_class": "STANDARD",
                            "tags.%": "0",
                            "version_id": "",
                            "website_redirect": ""
                        },
                        "meta": {},
                        "tainted": false
                    },
                    "deposed": [],
                    "provider": "provider.aws"
                },
                "aws_s3_bucket_object.website-scripts": {
                    "type": "aws_s3_bucket_object",
                    "depends_on": [],
                    "primary": {
                        "id": "scripts.js",
                        "attributes": {
                            "acl": "public-read",
                            "bucket": "aa-diary-website-2",
                            "cache_control": "",
                            "content_disposition": "",
                            "content_encoding": "",
                            "content_language": "",
                            "content_type": "binary/octet-stream",
                            "etag": "a7e0ddf3378fd3d2a0db5688768e924b",
                            "id": "scripts.js",
                            "key": "scripts.js",
                            "server_side_encryption": "",
                            "source": "/Users/ptata/AdvancedAliens/aa-diary-website/scripts.js",
                            "storage_class": "STANDARD",
                            "tags.%": "0",
                            "version_id": "",
                            "website_redirect": ""
                        },
                        "meta": {},
                        "tainted": false
                    },
                    "deposed": [],
                    "provider": "provider.aws"
                },
                "aws_s3_bucket_object.website-styles": {
                    "type": "aws_s3_bucket_object",
                    "depends_on": [],
                    "primary": {
                        "id": "styles.css",
                        "attributes": {
                            "acl": "public-read",
                            "bucket": "aa-diary-website-2",
                            "cache_control": "",
                            "content_disposition": "",
                            "content_encoding": "",
                            "content_language": "",
                            "content_type": "binary/octet-stream",
                            "etag": "110dbab1b50144c12f104a2548de4de0",
                            "id": "styles.css",
                            "key": "styles.css",
                            "server_side_encryption": "",
                            "source": "/Users/ptata/AdvancedAliens/aa-diary-website/styles.css",
                            "storage_class": "STANDARD",
                            "tags.%": "0",
                            "version_id": "",
                            "website_redirect": ""
                        },
                        "meta": {},
                        "tainted": false
                    },
                    "deposed": [],
                    "provider": "provider.aws"
                },
                "aws_sns_topic.new_posts": {
                    "type": "aws_sns_topic",
                    "depends_on": [],
                    "primary": {
                        "id": "arn:aws:sns:us-east-1:040496068313:new-posts",
                        "attributes": {
                            "application_failure_feedback_role_arn": "",
                            "application_success_feedback_role_arn": "",
                            "application_success_feedback_sample_rate": "0",
                            "arn": "arn:aws:sns:us-east-1:040496068313:new-posts",
                            "delivery_policy": "",
                            "display_name": "",
                            "http_failure_feedback_role_arn": "",
                            "http_success_feedback_role_arn": "",
                            "http_success_feedback_sample_rate": "0",
                            "id": "arn:aws:sns:us-east-1:040496068313:new-posts",
                            "lambda_failure_feedback_role_arn": "",
                            "lambda_success_feedback_role_arn": "",
                            "lambda_success_feedback_sample_rate": "0",
                            "name": "new-posts",
                            "policy": "{\"Version\":\"2008-10-17\",\"Id\":\"__default_policy_ID\",\"Statement\":[{\"Sid\":\"__default_statement_ID\",\"Effect\":\"Allow\",\"Principal\":{\"AWS\":\"*\"},\"Action\":[\"SNS:GetTopicAttributes\",\"SNS:SetTopicAttributes\",\"SNS:AddPermission\",\"SNS:RemovePermission\",\"SNS:DeleteTopic\",\"SNS:Subscribe\",\"SNS:ListSubscriptionsByTopic\",\"SNS:Publish\",\"SNS:Receive\"],\"Resource\":\"arn:aws:sns:us-east-1:040496068313:new-posts\",\"Condition\":{\"StringEquals\":{\"AWS:SourceOwner\":\"040496068313\"}}}]}",
                            "sqs_failure_feedback_role_arn": "",
                            "sqs_success_feedback_role_arn": "",
                            "sqs_success_feedback_sample_rate": "0"
                        },
                        "meta": {},
                        "tainted": false
                    },
                    "deposed": [],
                    "provider": "provider.aws"
                },
                "data.archive_file.lambda_zip": {
                    "type": "archive_file",
                    "depends_on": [],
                    "primary": {
                        "id": "d32f9990ebb0079d732e3a813891de652b3cd9f5",
                        "attributes": {
                            "id": "d32f9990ebb0079d732e3a813891de652b3cd9f5",
                            "output_base64sha256": "wwMGI7JFHiiwDfUaRWoJlSOxKLWx5IZ4+T2VduMlckw=",
                            "output_md5": "b34623773fc8c66715ff03ddff702d8c",
                            "output_path": "PostReader_GetPosts.zip",
                            "output_sha": "d32f9990ebb0079d732e3a813891de652b3cd9f5",
                            "output_size": "654",
                            "source.#": "0",
                            "source_dir": "source",
                            "type": "zip"
                        },
                        "meta": {},
                        "tainted": false
                    },
                    "deposed": [],
                    "provider": "provider.archive"
                },
                "data.archive_file.newposts_lambda_zip": {
                    "type": "archive_file",
                    "depends_on": [],
                    "primary": {
                        "id": "8a6b6176361dc2864bdea0f76f81778a056760a4",
                        "attributes": {
                            "id": "8a6b6176361dc2864bdea0f76f81778a056760a4",
                            "output_base64sha256": "sQjCI8ZKEM5MgefVxt10P4X+RAofqe91riYxrwksVwM=",
                            "output_md5": "26eb8627523c8d85cc5f59ddc18aa8fe",
                            "output_path": "PostReader_NewPosts.zip",
                            "output_sha": "8a6b6176361dc2864bdea0f76f81778a056760a4",
                            "output_size": "508",
                            "source.#": "0",
                            "source_dir": "newposts_source",
                            "type": "zip"
                        },
                        "meta": {},
                        "tainted": false
                    },
                    "deposed": [],
                    "provider": "provider.archive"
                },
                "data.aws_iam_user.user": {
                    "type": "aws_iam_user",
                    "depends_on": [],
                    "primary": {
                        "id": "AIDAI4TAXJJKVNKBCH7ZW",
                        "attributes": {
                            "arn": "arn:aws:iam::040496068313:user/api-user",
                            "id": "AIDAI4TAXJJKVNKBCH7ZW",
                            "path": "/",
                            "user_id": "AIDAI4TAXJJKVNKBCH7ZW",
                            "user_name": "api-user"
                        },
                        "meta": {},
                        "tainted": false
                    },
                    "deposed": [],
                    "provider": "provider.aws"
                }
            },
            "depends_on": []
        }
    ]
}
